# This file is automatically @generated by Cargo.
# It is not intended for manual editing.
version = 3

[[package]]
name = "ansi_term"
version = "0.12.1"
source = "registry+https://github.com/rust-lang/crates.io-index"
checksum = "d52a9bb7ec0cf484c551830a7ce27bd20d67eac647e1befb56b0be4ee39a55d2"
dependencies = [
 "winapi",
]

[[package]]
name = "atty"
version = "0.2.14"
source = "registry+https://github.com/rust-lang/crates.io-index"
checksum = "d9b39be18770d11421cdb1b9947a45dd3f37e93092cbf377614828a319d5fee8"
dependencies = [
 "hermit-abi",
 "libc",
 "winapi",
]

[[package]]
name = "autocfg"
version = "1.1.0"
source = "registry+https://github.com/rust-lang/crates.io-index"
checksum = "d468802bab17cbc0cc575e9b053f41e72aa36bfa6b7f55e3529ffa43161b97fa"

[[package]]
name = "bit-set"
version = "0.5.2"
source = "registry+https://github.com/rust-lang/crates.io-index"
checksum = "6e11e16035ea35e4e5997b393eacbf6f63983188f7a2ad25bfb13465f5ad59de"
dependencies = [
 "bit-vec",
]

[[package]]
name = "bit-vec"
version = "0.6.3"
source = "registry+https://github.com/rust-lang/crates.io-index"
checksum = "349f9b6a179ed607305526ca489b34ad0a41aed5f7980fa90eb03160b69598fb"

[[package]]
name = "bitflags"
version = "1.3.2"
source = "registry+https://github.com/rust-lang/crates.io-index"
checksum = "bef38d45163c2f1dde094a7dfd33ccf595c92905c8f8f4fdc18d06fb1037718a"

[[package]]
name = "byteorder"
version = "1.4.3"
source = "registry+https://github.com/rust-lang/crates.io-index"
checksum = "14c189c53d098945499cdfa7ecc63567cf3886b3332b312a5b4585d8d3a6a610"

[[package]]
name = "cfg-if"
version = "1.0.0"
source = "registry+https://github.com/rust-lang/crates.io-index"
checksum = "baf1de4339761588bc0619e3cbc0120ee582ebb74b53b4efbf79117bd2da40fd"

[[package]]
name = "chrono"
version = "0.4.19"
source = "registry+https://github.com/rust-lang/crates.io-index"
checksum = "670ad68c9088c2a963aaa298cb369688cf3f9465ce5e2d4ca10e6e0098a1ce73"
dependencies = [
 "libc",
 "num-integer",
 "num-traits",
 "serde",
 "time",
 "winapi",
]

[[package]]
name = "clap"
version = "2.34.0"
source = "registry+https://github.com/rust-lang/crates.io-index"
checksum = "a0610544180c38b88101fecf2dd634b174a62eef6946f84dfc6a7127512b381c"
dependencies = [
 "ansi_term",
 "atty",
 "bitflags",
 "strsim 0.8.0",
 "textwrap",
 "unicode-width",
 "vec_map",
]

[[package]]
name = "convert_case"
version = "0.1.0"
source = "registry+https://github.com/rust-lang/crates.io-index"
checksum = "a56e810098d091a972466b55679bde45c8a5c1b034b8dad3e4ac5486296bd097"
dependencies = [
 "clap",
 "strum",
 "strum_macros",
]

[[package]]
name = "convert_case"
version = "0.4.0"
source = "registry+https://github.com/rust-lang/crates.io-index"
checksum = "6245d59a3e82a7fc217c5828a6692dbc6dfb63a0c8c90495621f7b9d79704a0e"

[[package]]
name = "darling"
version = "0.13.4"
source = "registry+https://github.com/rust-lang/crates.io-index"
checksum = "a01d95850c592940db9b8194bc39f4bc0e89dee5c4265e4b1807c34a9aba453c"
dependencies = [
 "darling_core",
 "darling_macro",
]

[[package]]
name = "darling_core"
version = "0.13.4"
source = "registry+https://github.com/rust-lang/crates.io-index"
checksum = "859d65a907b6852c9361e3185c862aae7fafd2887876799fa55f5f99dc40d610"
dependencies = [
 "fnv",
 "ident_case",
 "proc-macro2",
 "quote",
 "strsim 0.10.0",
 "syn",
]

[[package]]
name = "darling_macro"
version = "0.13.4"
source = "registry+https://github.com/rust-lang/crates.io-index"
checksum = "9c972679f83bdf9c42bd905396b6c3588a843a17f0f16dfcfa3e2c5d57441835"
dependencies = [
 "darling_core",
 "quote",
 "syn",
]

[[package]]
name = "derive_more"
version = "0.99.17"
source = "registry+https://github.com/rust-lang/crates.io-index"
checksum = "4fb810d30a7c1953f91334de7244731fc3f3c10d7fe163338a35b9f640960321"
dependencies = [
 "convert_case 0.4.0",
 "proc-macro2",
 "quote",
 "rustc_version",
 "syn",
]

[[package]]
name = "fnv"
version = "1.0.7"
source = "registry+https://github.com/rust-lang/crates.io-index"
checksum = "3f9eec918d3f24069decb9af1554cad7c880e2da24a9afd88aca000531ab82c1"

[[package]]
name = "gcollections"
version = "1.5.0"
source = "registry+https://github.com/rust-lang/crates.io-index"
checksum = "2f551fdf23ef80329f754919669147a71c67b6cfe3569cd93b6fabdd62044377"
dependencies = [
 "bit-set",
 "num-integer",
 "num-traits",
 "trilean",
]

[[package]]
name = "hashbrown"
version = "0.11.2"
source = "registry+https://github.com/rust-lang/crates.io-index"
checksum = "ab5ef0d4909ef3724cc8cce6ccc8572c5c817592e9285f5464f8e86f8bd3726e"

[[package]]
name = "hc_zome_agent_registration"
version = "0.1.0"
source = "git+https://github.com/holochain-open-dev/agent-registration?branch=hdk-123-validation#c29b1e93d65261d1305ddd5521c456b7a4d0fe31"
dependencies = [
 "hc_zome_agent_registration_lib",
 "hc_zome_agent_registration_rpc",
 "hdk",
 "serde",
]

[[package]]
name = "hc_zome_agent_registration_hrea"
version = "0.1.0"
dependencies = [
 "hc_zome_agent_registration",
]

[[package]]
name = "hc_zome_agent_registration_lib"
version = "0.1.0"
source = "git+https://github.com/holochain-open-dev/agent-registration?branch=hdk-123-validation#c29b1e93d65261d1305ddd5521c456b7a4d0fe31"
dependencies = [
 "hc_zome_agent_registration_storage",
 "hdk",
]

[[package]]
name = "hc_zome_agent_registration_rpc"
version = "0.1.0"
source = "git+https://github.com/holochain-open-dev/agent-registration?branch=hdk-123-validation#c29b1e93d65261d1305ddd5521c456b7a4d0fe31"
dependencies = [
 "holo_hash",
 "serde",
]

[[package]]
name = "hc_zome_agent_registration_storage"
version = "0.1.0"
source = "git+https://github.com/holochain-open-dev/agent-registration?branch=hdk-123-validation#c29b1e93d65261d1305ddd5521c456b7a4d0fe31"
dependencies = [
 "hc_zome_agent_registration_storage_consts",
 "hdk",
]

[[package]]
name = "hc_zome_agent_registration_storage_consts"
version = "0.1.0"
source = "git+https://github.com/holochain-open-dev/agent-registration?branch=hdk-123-validation#c29b1e93d65261d1305ddd5521c456b7a4d0fe31"

[[package]]
name = "hc_zome_dna_auth_resolver"
version = "0.1.0"
source = "git+https://github.com/holochain-open-dev/dna-auth-resolver?rev=2066fcb#2066fcb5253c0010574a365260203b5de4a21902"
dependencies = [
 "hc_zome_dna_auth_resolver_rpc",
 "hc_zome_dna_auth_resolver_storage",
 "hdk",
 "serde",
]

[[package]]
name = "hc_zome_dna_auth_resolver_hrea"
version = "0.1.0"
dependencies = [
 "hc_zome_dna_auth_resolver",
]

[[package]]
name = "hc_zome_dna_auth_resolver_lib"
version = "0.1.0"
source = "git+https://github.com/holochain-open-dev/dna-auth-resolver?rev=2066fcb#2066fcb5253c0010574a365260203b5de4a21902"
dependencies = [
 "hc_zome_dna_auth_resolver_rpc",
 "hc_zome_dna_auth_resolver_storage",
 "hdk",
 "holo_hash",
 "serde",
]

[[package]]
name = "hc_zome_dna_auth_resolver_rpc"
version = "0.1.0"
source = "git+https://github.com/holochain-open-dev/dna-auth-resolver?rev=2066fcb#2066fcb5253c0010574a365260203b5de4a21902"
dependencies = [
 "holo_hash",
 "holochain_serialized_bytes",
 "holochain_zome_types",
 "serde",
]

[[package]]
name = "hc_zome_dna_auth_resolver_storage"
version = "0.1.0"
source = "git+https://github.com/holochain-open-dev/dna-auth-resolver?rev=2066fcb#2066fcb5253c0010574a365260203b5de4a21902"
dependencies = [
 "hdk",
 "holo_hash",
 "serde",
]

[[package]]
name = "hc_zome_rea_actions"
version = "0.1.0"
dependencies = [
 "hdk",
 "serde",
 "vf_actions",
 "vf_attributes_hdk",
]

[[package]]
name = "hc_zome_rea_agreement"
version = "0.1.0"
dependencies = [
 "hc_zome_rea_agreement_lib",
 "hc_zome_rea_agreement_rpc",
 "hdk",
 "serde",
]

[[package]]
name = "hc_zome_rea_agreement_index_agreement"
version = "0.1.0"
dependencies = [
 "hc_zome_rea_agreement_rpc",
 "hdk",
 "hdk_semantic_indexes_zome_derive",
 "hdk_semantic_indexes_zome_lib",
 "serde",
]

[[package]]
name = "hc_zome_rea_agreement_lib"
version = "0.1.0"
dependencies = [
 "hc_zome_rea_agreement_rpc",
 "hc_zome_rea_agreement_storage",
 "hdk_records",
 "hdk_semantic_indexes_client_lib",
 "paste",
]

[[package]]
name = "hc_zome_rea_agreement_rpc"
version = "0.1.0"
dependencies = [
 "holochain_serialized_bytes",
 "serde",
 "serde_maybe_undefined",
 "vf_attributes_hdk",
]

[[package]]
name = "hc_zome_rea_agreement_storage"
version = "0.1.0"
dependencies = [
 "hc_zome_rea_agreement_rpc",
 "hc_zome_rea_agreement_storage_consts",
 "hdk",
 "hdk_records",
 "serde",
 "vf_attributes_hdk",
]

[[package]]
name = "hc_zome_rea_agreement_storage_consts"
version = "0.1.0"

[[package]]
name = "hc_zome_rea_commitment"
version = "0.1.0"
dependencies = [
 "hc_zome_rea_commitment_lib",
 "hc_zome_rea_commitment_rpc",
 "hc_zome_rea_commitment_storage",
 "hc_zome_rea_commitment_storage_consts",
 "hdk",
 "serde",
]

[[package]]
name = "hc_zome_rea_commitment_index_planning"
version = "0.1.0"
dependencies = [
 "hc_zome_rea_commitment_rpc",
 "hdk",
 "hdk_semantic_indexes_zome_derive",
 "hdk_semantic_indexes_zome_lib",
 "paste",
 "serde",
]

[[package]]
name = "hc_zome_rea_commitment_lib"
version = "0.1.0"
dependencies = [
 "hc_zome_rea_commitment_rpc",
 "hc_zome_rea_commitment_storage",
 "hdk",
 "hdk_records",
 "hdk_semantic_indexes_client_lib",
 "paste",
]

[[package]]
name = "hc_zome_rea_commitment_rpc"
version = "0.1.0"
dependencies = [
 "holochain_serialized_bytes",
 "serde",
 "serde_maybe_undefined",
 "vf_attributes_hdk",
 "vf_measurement",
]

[[package]]
name = "hc_zome_rea_commitment_storage"
version = "0.1.0"
dependencies = [
 "hc_zome_rea_commitment_rpc",
 "hdk",
 "hdk_records",
 "serde",
 "vf_actions",
 "vf_attributes_hdk",
 "vf_measurement",
]

[[package]]
name = "hc_zome_rea_commitment_storage_consts"
version = "0.1.0"

[[package]]
name = "hc_zome_rea_economic_event"
version = "0.1.0"
dependencies = [
 "hc_zome_rea_economic_event_lib",
 "hc_zome_rea_economic_event_storage",
 "hc_zome_rea_economic_event_zome_api",
 "hc_zome_rea_process_storage_consts",
 "hdk",
 "serde",
]

[[package]]
name = "hc_zome_rea_economic_event_index_observation"
version = "0.1.0"
dependencies = [
 "hc_zome_rea_agreement_storage_consts",
 "hc_zome_rea_commitment_storage_consts",
 "hc_zome_rea_economic_event_rpc",
 "hc_zome_rea_economic_event_storage_consts",
 "hc_zome_rea_economic_resource_storage_consts",
 "hc_zome_rea_fulfillment_storage_consts",
 "hc_zome_rea_process_storage_consts",
 "hc_zome_rea_satisfaction_storage_consts",
 "hdk",
 "hdk_semantic_indexes_zome_derive",
 "hdk_semantic_indexes_zome_lib",
 "serde",
 "vf_attributes_hdk",
]

[[package]]
name = "hc_zome_rea_economic_event_lib"
version = "0.1.0"
dependencies = [
 "hc_zome_rea_economic_event_rpc",
 "hc_zome_rea_economic_event_storage",
 "hc_zome_rea_economic_event_storage_consts",
 "hc_zome_rea_economic_event_zome_api",
 "hc_zome_rea_economic_resource_lib",
 "hc_zome_rea_economic_resource_rpc",
 "hc_zome_rea_economic_resource_storage",
 "hc_zome_rea_economic_resource_storage_consts",
 "hdk",
 "hdk_records",
 "hdk_relay_pagination",
 "hdk_semantic_indexes_client_lib",
 "paste",
]

[[package]]
name = "hc_zome_rea_economic_event_rpc"
version = "0.1.0"
dependencies = [
 "hdk_relay_pagination",
 "holochain_serialized_bytes",
 "serde",
 "serde_maybe_undefined",
 "vf_attributes_hdk",
 "vf_measurement",
]

[[package]]
name = "hc_zome_rea_economic_event_storage"
version = "0.1.0"
dependencies = [
 "hc_zome_rea_economic_event_rpc",
 "hdk",
 "hdk_records",
 "serde",
 "vf_actions",
 "vf_attributes_hdk",
 "vf_measurement",
]

[[package]]
name = "hc_zome_rea_economic_event_storage_consts"
version = "0.1.0"

[[package]]
name = "hc_zome_rea_economic_event_zome_api"
version = "0.1.0"
dependencies = [
 "hc_zome_rea_economic_event_rpc",
 "hc_zome_rea_economic_event_storage",
 "hc_zome_rea_economic_resource_rpc",
 "hdk",
 "hdk_records",
 "serde",
 "vf_attributes_hdk",
]

[[package]]
name = "hc_zome_rea_economic_resource"
version = "0.1.0"
dependencies = [
 "hc_zome_rea_economic_resource_lib",
 "hc_zome_rea_economic_resource_rpc",
 "hc_zome_rea_economic_resource_storage",
 "hc_zome_rea_economic_resource_zome_api",
 "hdk",
 "serde",
]

[[package]]
name = "hc_zome_rea_economic_resource_index_observation"
version = "0.1.0"
dependencies = [
 "hc_zome_rea_economic_event_rpc",
 "hc_zome_rea_economic_resource_rpc",
 "hdk",
 "hdk_semantic_indexes_zome_derive",
 "hdk_semantic_indexes_zome_lib",
 "serde",
 "vf_attributes_hdk",
]

[[package]]
name = "hc_zome_rea_economic_resource_lib"
version = "0.1.0"
dependencies = [
 "hc_zome_rea_economic_event_rpc",
 "hc_zome_rea_economic_event_storage",
 "hc_zome_rea_economic_event_storage_consts",
 "hc_zome_rea_economic_resource_rpc",
 "hc_zome_rea_economic_resource_storage",
 "hc_zome_rea_economic_resource_storage_consts",
 "hc_zome_rea_economic_resource_zome_api",
 "hc_zome_rea_process_storage",
 "hc_zome_rea_process_storage_consts",
 "hc_zome_rea_resource_specification_storage_consts",
 "hdk",
 "hdk_records",
 "hdk_relay_pagination",
 "hdk_semantic_indexes_client_lib",
 "paste",
 "vf_attributes_hdk",
]

[[package]]
name = "hc_zome_rea_economic_resource_rpc"
version = "0.1.0"
dependencies = [
 "hc_zome_rea_economic_event_rpc",
 "holochain_serialized_bytes",
 "serde",
 "serde_maybe_undefined",
 "vf_attributes_hdk",
]

[[package]]
name = "hc_zome_rea_economic_resource_storage"
version = "0.1.0"
dependencies = [
 "hc_zome_rea_economic_event_rpc",
 "hc_zome_rea_economic_event_storage",
 "hc_zome_rea_economic_resource_rpc",
 "hc_zome_rea_economic_resource_storage_consts",
 "hc_zome_rea_resource_specification_rpc",
 "hdk",
 "hdk_records",
 "serde",
 "vf_actions",
 "vf_attributes_hdk",
 "vf_measurement",
]

[[package]]
name = "hc_zome_rea_economic_resource_storage_consts"
version = "0.1.0"

[[package]]
name = "hc_zome_rea_economic_resource_zome_api"
version = "0.1.0"
dependencies = [
 "hc_zome_rea_economic_event_rpc",
 "hc_zome_rea_economic_resource_rpc",
 "hc_zome_rea_economic_resource_storage",
 "hdk",
 "hdk_records",
 "serde",
 "vf_attributes_hdk",
]

[[package]]
name = "hc_zome_rea_fulfillment_index_observation"
version = "0.1.0"
dependencies = [
 "hc_zome_rea_fulfillment_rpc",
 "hdk",
 "hdk_semantic_indexes_zome_derive",
 "hdk_semantic_indexes_zome_lib",
 "serde",
]

[[package]]
name = "hc_zome_rea_fulfillment_index_planning"
version = "0.1.0"
dependencies = [
 "hc_zome_rea_fulfillment_rpc",
 "hdk",
 "hdk_semantic_indexes_zome_derive",
 "hdk_semantic_indexes_zome_lib",
 "serde",
]

[[package]]
name = "hc_zome_rea_fulfillment_lib"
version = "0.1.0"
dependencies = [
 "hc_zome_rea_fulfillment_rpc",
 "hc_zome_rea_fulfillment_storage",
 "hdk",
 "hdk_records",
 "vf_attributes_hdk",
]

[[package]]
name = "hc_zome_rea_fulfillment_lib_destination"
version = "0.1.0"
dependencies = [
 "hc_zome_rea_fulfillment_lib",
 "hc_zome_rea_fulfillment_rpc",
 "hc_zome_rea_fulfillment_storage",
 "hdk",
 "hdk_records",
 "hdk_semantic_indexes_client_lib",
 "paste",
]

[[package]]
name = "hc_zome_rea_fulfillment_lib_origin"
version = "0.1.0"
dependencies = [
 "hc_zome_rea_fulfillment_lib",
 "hc_zome_rea_fulfillment_rpc",
 "hc_zome_rea_fulfillment_storage",
 "hc_zome_rea_fulfillment_storage_consts",
 "hdk",
 "hdk_records",
 "hdk_semantic_indexes_client_lib",
 "paste",
]

[[package]]
name = "hc_zome_rea_fulfillment_observation"
version = "0.1.0"
dependencies = [
 "hc_zome_rea_fulfillment_lib_destination",
 "hc_zome_rea_fulfillment_rpc",
 "hc_zome_rea_fulfillment_storage_consts",
 "hdk",
 "serde",
]

[[package]]
name = "hc_zome_rea_fulfillment_planning"
version = "0.1.0"
dependencies = [
 "hc_zome_rea_fulfillment_lib_origin",
 "hc_zome_rea_fulfillment_rpc",
 "hc_zome_rea_fulfillment_storage_consts",
 "hdk",
 "serde",
]

[[package]]
name = "hc_zome_rea_fulfillment_rpc"
version = "0.1.0"
dependencies = [
 "holochain_serialized_bytes",
 "serde",
 "serde_maybe_undefined",
 "vf_attributes_hdk",
 "vf_measurement",
]

[[package]]
name = "hc_zome_rea_fulfillment_storage"
version = "0.1.0"
dependencies = [
 "hc_zome_rea_fulfillment_rpc",
 "hdk",
 "hdk_records",
 "serde",
 "vf_actions",
 "vf_attributes_hdk",
 "vf_measurement",
]

[[package]]
name = "hc_zome_rea_fulfillment_storage_consts"
version = "0.1.0"

[[package]]
name = "hc_zome_rea_intent"
version = "0.1.0"
dependencies = [
 "hc_zome_rea_intent_lib",
 "hc_zome_rea_intent_rpc",
 "hc_zome_rea_intent_storage",
 "hc_zome_rea_intent_storage_consts",
 "hdk",
 "serde",
]

[[package]]
name = "hc_zome_rea_intent_index_planning"
version = "0.1.0"
dependencies = [
 "hc_zome_rea_intent_rpc",
 "hdk",
 "hdk_semantic_indexes_zome_derive",
 "hdk_semantic_indexes_zome_lib",
 "serde",
]

[[package]]
name = "hc_zome_rea_intent_lib"
version = "0.1.0"
dependencies = [
 "hc_zome_rea_intent_rpc",
 "hc_zome_rea_intent_storage",
 "hdk",
 "hdk_records",
 "hdk_semantic_indexes_client_lib",
 "paste",
]

[[package]]
name = "hc_zome_rea_intent_rpc"
version = "0.1.0"
dependencies = [
 "holochain_serialized_bytes",
 "serde",
 "serde_maybe_undefined",
 "vf_attributes_hdk",
 "vf_measurement",
]

[[package]]
name = "hc_zome_rea_intent_storage"
version = "0.1.0"
dependencies = [
 "hc_zome_rea_intent_rpc",
 "hdk",
 "hdk_records",
 "serde",
 "vf_actions",
 "vf_attributes_hdk",
 "vf_measurement",
]

[[package]]
name = "hc_zome_rea_intent_storage_consts"
version = "0.1.0"

[[package]]
name = "hc_zome_rea_plan"
version = "0.1.0"
dependencies = [
 "hc_zome_rea_plan_lib",
 "hc_zome_rea_plan_rpc",
 "hdk",
 "serde",
]

[[package]]
name = "hc_zome_rea_plan_index_plan"
version = "0.1.0"
dependencies = [
 "hc_zome_rea_plan_rpc",
 "hdk",
 "hdk_semantic_indexes_zome_derive",
 "hdk_semantic_indexes_zome_lib",
 "serde",
]

[[package]]
name = "hc_zome_rea_plan_lib"
version = "0.1.0"
dependencies = [
 "hc_zome_rea_plan_rpc",
 "hc_zome_rea_plan_storage",
 "hdk_records",
 "hdk_semantic_indexes_client_lib",
 "paste",
]

[[package]]
name = "hc_zome_rea_plan_rpc"
version = "0.1.0"
dependencies = [
 "holochain_serialized_bytes",
 "serde",
 "serde_maybe_undefined",
 "vf_attributes_hdk",
]

[[package]]
name = "hc_zome_rea_plan_storage"
version = "0.1.0"
dependencies = [
 "hc_zome_rea_plan_rpc",
 "hc_zome_rea_plan_storage_consts",
 "hdk",
 "hdk_records",
 "serde",
 "vf_attributes_hdk",
]

[[package]]
name = "hc_zome_rea_plan_storage_consts"
version = "0.1.0"

[[package]]
name = "hc_zome_rea_process"
version = "0.1.0"
dependencies = [
 "hc_zome_rea_commitment_storage_consts",
 "hc_zome_rea_economic_event_storage_consts",
 "hc_zome_rea_intent_storage_consts",
 "hc_zome_rea_process_lib",
 "hc_zome_rea_process_rpc",
 "hc_zome_rea_process_storage_consts",
 "hdk",
 "hdk_records",
 "serde",
 "vf_attributes_hdk",
]

[[package]]
name = "hc_zome_rea_process_index_observation"
version = "0.1.0"
dependencies = [
 "hc_zome_rea_commitment_storage_consts",
 "hc_zome_rea_economic_event_storage_consts",
 "hc_zome_rea_intent_storage_consts",
 "hc_zome_rea_process_lib",
 "hc_zome_rea_process_rpc",
 "hc_zome_rea_process_storage_consts",
 "hdk",
 "hdk_semantic_indexes_zome_derive",
 "hdk_semantic_indexes_zome_lib",
 "serde",
 "vf_attributes_hdk",
]

[[package]]
name = "hc_zome_rea_process_lib"
version = "0.1.0"
dependencies = [
 "hc_zome_rea_process_rpc",
 "hc_zome_rea_process_storage",
 "hdk",
 "hdk_records",
 "hdk_semantic_indexes_client_lib",
 "paste",
]

[[package]]
name = "hc_zome_rea_process_rpc"
version = "0.1.0"
dependencies = [
 "holochain_serialized_bytes",
 "serde",
 "serde_maybe_undefined",
 "vf_attributes_hdk",
]

[[package]]
name = "hc_zome_rea_process_specification"
version = "0.1.0"
dependencies = [
 "hc_zome_rea_process_specification_lib",
 "hc_zome_rea_process_specification_rpc",
 "hc_zome_rea_process_specification_storage_consts",
 "hdk",
 "serde",
]

[[package]]
name = "hc_zome_rea_process_specification_lib"
version = "0.1.0"
dependencies = [
 "hc_zome_rea_process_specification_rpc",
 "hc_zome_rea_process_specification_storage",
 "hdk_records",
 "vf_attributes_hdk",
]

[[package]]
name = "hc_zome_rea_process_specification_rpc"
version = "0.1.0"
dependencies = [
 "holochain_serialized_bytes",
 "serde",
 "serde_maybe_undefined",
 "vf_attributes_hdk",
]

[[package]]
name = "hc_zome_rea_process_specification_storage"
version = "0.1.0"
dependencies = [
 "hc_zome_rea_process_specification_rpc",
 "hdk",
 "hdk_records",
 "serde",
 "vf_attributes_hdk",
]

[[package]]
name = "hc_zome_rea_process_specification_storage_consts"
version = "0.1.0"

[[package]]
name = "hc_zome_rea_process_storage"
version = "0.1.0"
dependencies = [
 "hc_zome_rea_process_rpc",
 "hdk",
 "hdk_records",
 "serde",
 "vf_attributes_hdk",
]

[[package]]
name = "hc_zome_rea_process_storage_consts"
version = "0.1.0"

[[package]]
name = "hc_zome_rea_proposal"
version = "0.1.0"
dependencies = [
 "hc_zome_rea_proposal_lib",
 "hc_zome_rea_proposal_rpc",
 "hc_zome_rea_proposal_storage_consts",
 "hdk",
 "serde",
]

[[package]]
name = "hc_zome_rea_proposal_index_proposal"
version = "0.1.0"
dependencies = [
 "hc_zome_rea_proposal_rpc",
 "hdk",
 "hdk_semantic_indexes_zome_derive",
 "hdk_semantic_indexes_zome_lib",
 "serde",
]

[[package]]
name = "hc_zome_rea_proposal_lib"
version = "0.1.0"
dependencies = [
 "hc_zome_rea_proposal_rpc",
 "hc_zome_rea_proposal_storage",
 "hc_zome_rea_proposal_storage_consts",
 "hdk_records",
 "hdk_semantic_indexes_client_lib",
 "paste",
]

[[package]]
name = "hc_zome_rea_proposal_rpc"
version = "0.1.0"
dependencies = [
 "holochain_serialized_bytes",
 "serde",
 "serde_maybe_undefined",
 "vf_attributes_hdk",
]

[[package]]
name = "hc_zome_rea_proposal_storage"
version = "0.1.0"
dependencies = [
 "hc_zome_rea_proposal_rpc",
 "hdk",
 "hdk_records",
 "serde",
 "vf_attributes_hdk",
]

[[package]]
name = "hc_zome_rea_proposal_storage_consts"
version = "0.1.0"

[[package]]
name = "hc_zome_rea_proposed_intent"
version = "0.1.0"
dependencies = [
 "hc_zome_rea_proposed_intent_lib",
 "hc_zome_rea_proposed_intent_rpc",
 "hc_zome_rea_proposed_intent_storage_consts",
 "hdk",
 "serde",
]

[[package]]
name = "hc_zome_rea_proposed_intent_index_proposal"
version = "0.1.0"
dependencies = [
 "hc_zome_rea_proposed_intent_rpc",
 "hdk",
 "hdk_semantic_indexes_zome_derive",
 "hdk_semantic_indexes_zome_lib",
 "serde",
]

[[package]]
name = "hc_zome_rea_proposed_intent_lib"
version = "0.1.0"
dependencies = [
 "hc_zome_rea_proposed_intent_rpc",
 "hc_zome_rea_proposed_intent_storage",
 "hdk",
 "hdk_records",
 "hdk_semantic_indexes_client_lib",
 "paste",
]

[[package]]
name = "hc_zome_rea_proposed_intent_rpc"
version = "0.1.0"
dependencies = [
 "holochain_serialized_bytes",
 "serde",
 "vf_attributes_hdk",
]

[[package]]
name = "hc_zome_rea_proposed_intent_storage"
version = "0.1.0"
dependencies = [
 "hc_zome_rea_proposed_intent_rpc",
 "hdk",
 "hdk_records",
 "serde",
 "vf_attributes_hdk",
]

[[package]]
name = "hc_zome_rea_proposed_intent_storage_consts"
version = "0.1.0"

[[package]]
name = "hc_zome_rea_proposed_to"
version = "0.1.0"
dependencies = [
 "hc_zome_rea_proposed_to_lib",
 "hc_zome_rea_proposed_to_rpc",
 "hc_zome_rea_proposed_to_storage_consts",
 "hdk",
 "serde",
]

[[package]]
name = "hc_zome_rea_proposed_to_index_proposal"
version = "0.1.0"
dependencies = [
 "hc_zome_rea_proposed_to_rpc",
 "hdk",
 "hdk_semantic_indexes_zome_derive",
 "hdk_semantic_indexes_zome_lib",
 "serde",
]

[[package]]
name = "hc_zome_rea_proposed_to_lib"
version = "0.1.0"
dependencies = [
 "hc_zome_rea_proposed_to_rpc",
 "hc_zome_rea_proposed_to_storage",
 "hdk",
 "hdk_records",
 "hdk_semantic_indexes_client_lib",
 "paste",
]

[[package]]
name = "hc_zome_rea_proposed_to_rpc"
version = "0.1.0"
dependencies = [
 "holochain_serialized_bytes",
 "serde",
 "vf_attributes_hdk",
]

[[package]]
name = "hc_zome_rea_proposed_to_storage"
version = "0.1.0"
dependencies = [
 "hc_zome_rea_proposed_to_rpc",
 "hdk",
 "hdk_records",
 "serde",
 "vf_attributes_hdk",
]

[[package]]
name = "hc_zome_rea_proposed_to_storage_consts"
version = "0.1.0"

[[package]]
name = "hc_zome_rea_resource_specification"
version = "0.1.0"
dependencies = [
 "hc_zome_rea_resource_specification_lib",
 "hc_zome_rea_resource_specification_rpc",
 "hc_zome_rea_resource_specification_storage_consts",
 "hdk",
 "serde",
]

[[package]]
name = "hc_zome_rea_resource_specification_index_specification"
version = "0.1.0"
dependencies = [
 "hc_zome_rea_resource_specification_rpc",
 "hdk",
 "hdk_semantic_indexes_zome_derive",
 "hdk_semantic_indexes_zome_lib",
 "serde",
 "vf_attributes_hdk",
]

[[package]]
name = "hc_zome_rea_resource_specification_lib"
version = "0.1.0"
dependencies = [
 "hc_zome_rea_resource_specification_rpc",
 "hc_zome_rea_resource_specification_storage",
 "hdk_records",
 "vf_attributes_hdk",
]

[[package]]
name = "hc_zome_rea_resource_specification_rpc"
version = "0.1.0"
dependencies = [
 "holochain_serialized_bytes",
 "serde",
 "serde_maybe_undefined",
 "vf_attributes_hdk",
]

[[package]]
name = "hc_zome_rea_resource_specification_storage"
version = "0.1.0"
dependencies = [
 "hc_zome_rea_resource_specification_rpc",
 "hdk",
 "hdk_records",
 "serde",
 "vf_attributes_hdk",
]

[[package]]
name = "hc_zome_rea_resource_specification_storage_consts"
version = "0.1.0"

[[package]]
name = "hc_zome_rea_satisfaction_index_observation"
version = "0.1.0"
dependencies = [
 "hc_zome_rea_satisfaction_rpc",
 "hdk",
 "hdk_semantic_indexes_zome_derive",
 "hdk_semantic_indexes_zome_lib",
 "serde",
]

[[package]]
name = "hc_zome_rea_satisfaction_index_planning"
version = "0.1.0"
dependencies = [
 "hc_zome_rea_satisfaction_rpc",
 "hdk",
 "hdk_semantic_indexes_zome_derive",
 "hdk_semantic_indexes_zome_lib",
 "serde",
]

[[package]]
name = "hc_zome_rea_satisfaction_lib"
version = "0.1.0"
dependencies = [
 "hc_zome_rea_satisfaction_rpc",
 "hc_zome_rea_satisfaction_storage",
 "hdk",
 "hdk_records",
 "vf_attributes_hdk",
]

[[package]]
name = "hc_zome_rea_satisfaction_lib_destination"
version = "0.1.0"
dependencies = [
 "hc_zome_rea_satisfaction_lib",
 "hc_zome_rea_satisfaction_rpc",
 "hc_zome_rea_satisfaction_storage",
 "hdk",
 "hdk_records",
 "hdk_semantic_indexes_client_lib",
 "paste",
]

[[package]]
name = "hc_zome_rea_satisfaction_lib_origin"
version = "0.1.0"
dependencies = [
 "hc_zome_rea_commitment_rpc",
 "hc_zome_rea_satisfaction_lib",
 "hc_zome_rea_satisfaction_rpc",
 "hc_zome_rea_satisfaction_storage",
 "hc_zome_rea_satisfaction_storage_consts",
 "hdk",
 "hdk_records",
 "hdk_semantic_indexes_client_lib",
 "paste",
]

[[package]]
name = "hc_zome_rea_satisfaction_observation"
version = "0.1.0"
dependencies = [
 "hc_zome_rea_satisfaction_lib_destination",
 "hc_zome_rea_satisfaction_rpc",
 "hc_zome_rea_satisfaction_storage_consts",
 "hdk",
 "serde",
]

[[package]]
name = "hc_zome_rea_satisfaction_planning"
version = "0.1.0"
dependencies = [
 "hc_zome_rea_satisfaction_lib_origin",
 "hc_zome_rea_satisfaction_rpc",
 "hc_zome_rea_satisfaction_storage_consts",
 "hdk",
 "serde",
]

[[package]]
name = "hc_zome_rea_satisfaction_rpc"
version = "0.1.0"
dependencies = [
 "holochain_serialized_bytes",
 "serde",
 "serde_maybe_undefined",
 "vf_attributes_hdk",
 "vf_measurement",
]

[[package]]
name = "hc_zome_rea_satisfaction_storage"
version = "0.1.0"
dependencies = [
 "hc_zome_rea_satisfaction_rpc",
 "hdk",
 "hdk_records",
 "serde",
 "vf_attributes_hdk",
 "vf_measurement",
]

[[package]]
name = "hc_zome_rea_satisfaction_storage_consts"
version = "0.1.0"

[[package]]
name = "hc_zome_rea_unit"
version = "0.1.0"
dependencies = [
 "hc_zome_rea_unit_lib",
 "hc_zome_rea_unit_rpc",
 "hdk",
 "serde",
 "vf_attributes_hdk",
]

[[package]]
name = "hc_zome_rea_unit_lib"
version = "0.1.0"
dependencies = [
 "hc_zome_rea_unit_rpc",
 "hc_zome_rea_unit_storage",
 "hc_zome_rea_unit_storage_consts",
 "hdk",
 "hdk_records",
 "vf_attributes_hdk",
]

[[package]]
name = "hc_zome_rea_unit_rpc"
version = "0.1.0"
dependencies = [
 "hdk_records",
 "holochain_serialized_bytes",
 "serde",
 "vf_attributes_hdk",
]

[[package]]
name = "hc_zome_rea_unit_storage"
version = "0.1.0"
dependencies = [
 "hc_zome_rea_unit_rpc",
 "hdk",
 "hdk_records",
 "serde",
 "vf_attributes_hdk",
]

[[package]]
name = "hc_zome_rea_unit_storage_consts"
version = "0.1.0"

[[package]]
name = "hdk"
version = "0.0.136"
source = "registry+https://github.com/rust-lang/crates.io-index"
checksum = "203d92a9c805095f55e4020914504c4b0b6c4455551838f8dad880405294b72d"
dependencies = [
 "hdk_derive",
 "holo_hash",
 "holochain_deterministic_integrity",
 "holochain_wasmer_guest",
 "holochain_zome_types",
 "paste",
 "serde",
 "serde_bytes",
 "thiserror",
 "tracing",
 "tracing-core",
]

[[package]]
name = "hdk_derive"
version = "0.0.35"
source = "registry+https://github.com/rust-lang/crates.io-index"
checksum = "3b4de645eee248c529ed2079003ef8d46c0377523ab51e8dde0605a868f48ed3"
dependencies = [
 "holochain_integrity_types",
 "paste",
 "proc-macro2",
 "quote",
 "syn",
]

[[package]]
name = "hdk_records"
version = "0.1.0"
dependencies = [
 "hc_zome_dna_auth_resolver_lib",
 "hdk",
 "hdk_rpc_errors",
 "hdk_semantic_indexes_zome_rpc",
 "hdk_uuid_types",
 "holo_hash",
 "serde",
 "serde_maybe_undefined",
 "thiserror",
]

[[package]]
name = "hdk_relay_pagination"
version = "0.1.0"
dependencies = [
 "hdk",
 "serde",
]

[[package]]
name = "hdk_rpc_errors"
version = "0.1.0"
dependencies = [
 "hdk",
 "holo_hash",
 "serde",
 "thiserror",
]

[[package]]
name = "hdk_semantic_indexes_client_lib"
version = "0.1.0"
dependencies = [
 "hdk",
 "hdk_records",
 "hdk_semantic_indexes_zome_rpc",
 "paste",
 "serde",
]

[[package]]
name = "hdk_semantic_indexes_zome_derive"
version = "0.1.0"
dependencies = [
 "convert_case 0.1.0",
 "darling",
 "quote",
 "syn",
]

[[package]]
name = "hdk_semantic_indexes_zome_lib"
version = "0.1.0"
dependencies = [
 "hc_zome_dna_auth_resolver_lib",
 "hdk",
 "hdk_records",
 "hdk_relay_pagination",
 "hdk_rpc_errors",
 "hdk_semantic_indexes_zome_rpc",
 "serde",
 "serde_maybe_undefined",
]

[[package]]
name = "hdk_semantic_indexes_zome_rpc"
version = "0.1.0"
dependencies = [
 "hdk_rpc_errors",
 "hdk_uuid_types",
 "holochain_serialized_bytes",
 "serde",
]

[[package]]
name = "hdk_uuid_types"
version = "0.1.0"
dependencies = [
 "hdk",
 "holo_hash",
 "serde",
]

[[package]]
name = "heck"
version = "0.3.3"
source = "registry+https://github.com/rust-lang/crates.io-index"
checksum = "6d621efb26863f0e9924c6ac577e8275e5e6b77455db64ffa6c65c904e9e132c"
dependencies = [
 "unicode-segmentation",
]

[[package]]
name = "hermit-abi"
version = "0.1.19"
source = "registry+https://github.com/rust-lang/crates.io-index"
checksum = "62b467343b94ba476dcb2500d242dadbb39557df889310ac77c5d99100aaac33"
dependencies = [
 "libc",
]

[[package]]
name = "holo_hash"
version = "0.0.27"
source = "registry+https://github.com/rust-lang/crates.io-index"
checksum = "8a26d28040245acbfc9b4960926cb7c07a2788f8713e6ef1b28e01bd5d1e2734"
dependencies = [
 "holochain_serialized_bytes",
 "kitsune_p2p_dht_arc",
 "serde",
 "serde_bytes",
 "thiserror",
]

[[package]]
name = "holochain_deterministic_integrity"
version = "0.0.8"
source = "registry+https://github.com/rust-lang/crates.io-index"
checksum = "7646630f2cded1e5c67f5acf258615e19afb8af632b87b86a6e1528907696df3"
dependencies = [
 "hdk_derive",
 "holo_hash",
 "holochain_integrity_types",
 "holochain_wasmer_guest",
 "paste",
 "serde",
 "serde_bytes",
 "tracing",
 "tracing-core",
]

[[package]]
name = "holochain_integrity_types"
version = "0.0.7"
source = "registry+https://github.com/rust-lang/crates.io-index"
checksum = "a0ecc9e05ed493a30298d5d05fb65fbc3d14f211aabaa466388368f78490405f"
dependencies = [
 "holo_hash",
 "holochain_serialized_bytes",
 "kitsune_p2p_timestamp",
 "serde",
 "serde_bytes",
 "subtle",
 "tracing",
]

[[package]]
name = "holochain_serialized_bytes"
version = "0.0.51"
source = "registry+https://github.com/rust-lang/crates.io-index"
checksum = "9805b3e01e7b5c144782a0823db4dc895fec18a9ccd45a492ce7c7bf157a9e38"
dependencies = [
 "holochain_serialized_bytes_derive",
 "rmp-serde",
 "serde",
 "serde-transcode",
 "serde_bytes",
 "serde_json",
 "thiserror",
]

[[package]]
name = "holochain_serialized_bytes_derive"
version = "0.0.51"
source = "registry+https://github.com/rust-lang/crates.io-index"
checksum = "1077232d0c427d64feb9e138fa22800e447eafb1810682d6c13beb95333cb32c"
dependencies = [
 "quote",
 "syn",
]

[[package]]
name = "holochain_wasmer_common"
version = "0.0.77"
source = "registry+https://github.com/rust-lang/crates.io-index"
checksum = "a6de9bda7e1b991ce453ef55601405e43d7ef0cafb0108ed0b4755a1398dae05"
dependencies = [
 "holochain_serialized_bytes",
 "serde",
 "serde_bytes",
 "thiserror",
]

[[package]]
name = "holochain_wasmer_guest"
version = "0.0.77"
source = "registry+https://github.com/rust-lang/crates.io-index"
checksum = "becdd2a6c662ac81a1c1aeae04eb39a8c6d987d79415fc9f6fff609bb106a90e"
dependencies = [
 "holochain_serialized_bytes",
 "holochain_wasmer_common",
 "parking_lot",
 "serde",
 "tracing",
]

[[package]]
name = "holochain_zome_types"
version = "0.0.35"
source = "registry+https://github.com/rust-lang/crates.io-index"
checksum = "015444f90fdef25867210eb8b672089eb6a567c25156c20ddc1c0a9277b5a0e0"
dependencies = [
 "holo_hash",
 "holochain_integrity_types",
 "holochain_serialized_bytes",
 "holochain_wasmer_common",
 "kitsune_p2p_timestamp",
 "paste",
 "serde",
 "serde_bytes",
 "subtle",
 "thiserror",
 "tracing",
]

[[package]]
name = "ident_case"
version = "1.0.1"
source = "registry+https://github.com/rust-lang/crates.io-index"
checksum = "b9e0384b61958566e926dc50660321d12159025e767c18e043daf26b70104c39"

[[package]]
name = "indexmap"
version = "1.8.2"
source = "registry+https://github.com/rust-lang/crates.io-index"
checksum = "e6012d540c5baa3589337a98ce73408de9b5a25ec9fc2c6fd6be8f0d39e0ca5a"
dependencies = [
 "autocfg",
 "hashbrown",
]

[[package]]
name = "instant"
version = "0.1.12"
source = "registry+https://github.com/rust-lang/crates.io-index"
checksum = "7a5bbe824c507c5da5956355e86a746d82e0e1464f65d862cc5e71da70e94b2c"
dependencies = [
 "cfg-if",
]

[[package]]
name = "intervallum"
version = "1.4.0"
source = "registry+https://github.com/rust-lang/crates.io-index"
checksum = "c8ccecd834666f695ecec3ff0d5fc32e32c91abea91a28fd0aceb4b35a82cee1"
dependencies = [
 "bit-set",
 "gcollections",
 "num-integer",
 "num-traits",
 "trilean",
]

[[package]]
name = "itoa"
version = "1.0.2"
source = "registry+https://github.com/rust-lang/crates.io-index"
checksum = "112c678d4050afce233f4f2852bb2eb519230b3cf12f33585275537d7e41578d"

[[package]]
name = "kitsune_p2p_dht_arc"
version = "0.0.11"
source = "registry+https://github.com/rust-lang/crates.io-index"
checksum = "0b0d6fde19d44b897fc73b7ecd37ffbfd5d4641ad4f60e7e2bf8104d2012292b"
dependencies = [
 "derive_more",
 "gcollections",
 "intervallum",
 "num-traits",
 "serde",
]

[[package]]
name = "kitsune_p2p_timestamp"
version = "0.0.9"
source = "registry+https://github.com/rust-lang/crates.io-index"
checksum = "fed720caad6a76cf53300d2a138035930e2a01b85429e93e643fbd960ef93b44"
dependencies = [
 "chrono",
 "serde",
]

[[package]]
name = "libc"
version = "0.2.126"
source = "registry+https://github.com/rust-lang/crates.io-index"
checksum = "349d5a591cd28b49e1d1037471617a32ddcda5731b99419008085f72d5a53836"

[[package]]
name = "lock_api"
version = "0.4.7"
source = "registry+https://github.com/rust-lang/crates.io-index"
checksum = "327fa5b6a6940e4699ec49a9beae1ea4845c6bab9314e4f84ac68742139d8c53"
dependencies = [
 "autocfg",
 "scopeguard",
]

[[package]]
name = "num-integer"
version = "0.1.45"
source = "registry+https://github.com/rust-lang/crates.io-index"
checksum = "225d3389fb3509a24c93f5c29eb6bde2586b98d9f016636dff58d7c6f7569cd9"
dependencies = [
 "autocfg",
 "num-traits",
]

[[package]]
name = "num-traits"
version = "0.2.15"
source = "registry+https://github.com/rust-lang/crates.io-index"
checksum = "578ede34cf02f8924ab9447f50c28075b4d3e5b269972345e7e0372b38c6cdcd"
dependencies = [
 "autocfg",
]

[[package]]
name = "once_cell"
version = "1.12.0"
source = "registry+https://github.com/rust-lang/crates.io-index"
checksum = "7709cef83f0c1f58f666e746a08b21e0085f7440fa6a29cc194d68aac97a4225"

[[package]]
name = "parking_lot"
version = "0.11.2"
source = "registry+https://github.com/rust-lang/crates.io-index"
checksum = "7d17b78036a60663b797adeaee46f5c9dfebb86948d1255007a1d6be0271ff99"
dependencies = [
 "instant",
 "lock_api",
 "parking_lot_core",
]

[[package]]
name = "parking_lot_core"
version = "0.8.5"
source = "registry+https://github.com/rust-lang/crates.io-index"
checksum = "d76e8e1493bcac0d2766c42737f34458f1c8c50c0d23bcb24ea953affb273216"
dependencies = [
 "cfg-if",
 "instant",
 "libc",
 "redox_syscall",
 "smallvec",
 "winapi",
]

[[package]]
name = "paste"
version = "1.0.5"
source = "registry+https://github.com/rust-lang/crates.io-index"
checksum = "acbf547ad0c65e31259204bd90935776d1c693cec2f4ff7abb7a1bbbd40dfe58"

[[package]]
name = "pin-project-lite"
version = "0.2.9"
source = "registry+https://github.com/rust-lang/crates.io-index"
checksum = "e0a7ae3ac2f1173085d398531c705756c94a4c56843785df85a60c1a0afac116"

[[package]]
name = "proc-macro2"
version = "1.0.39"
source = "registry+https://github.com/rust-lang/crates.io-index"
checksum = "c54b25569025b7fc9651de43004ae593a75ad88543b17178aa5e1b9c4f15f56f"
dependencies = [
 "unicode-ident",
]

[[package]]
name = "quote"
version = "1.0.18"
source = "registry+https://github.com/rust-lang/crates.io-index"
checksum = "a1feb54ed693b93a84e14094943b84b7c4eae204c512b7ccb95ab0c66d278ad1"
dependencies = [
 "proc-macro2",
]

[[package]]
name = "redox_syscall"
version = "0.2.13"
source = "registry+https://github.com/rust-lang/crates.io-index"
checksum = "62f25bc4c7e55e0b0b7a1d43fb893f4fa1361d0abe38b9ce4f323c2adfe6ef42"
dependencies = [
 "bitflags",
]

[[package]]
name = "rmp"
version = "0.8.11"
source = "registry+https://github.com/rust-lang/crates.io-index"
checksum = "44519172358fd6d58656c86ab8e7fbc9e1490c3e8f14d35ed78ca0dd07403c9f"
dependencies = [
 "byteorder",
 "num-traits",
 "paste",
]

[[package]]
name = "rmp-serde"
version = "0.15.5"
source = "registry+https://github.com/rust-lang/crates.io-index"
checksum = "723ecff9ad04f4ad92fe1c8ca6c20d2196d9286e9c60727c4cb5511629260e9d"
dependencies = [
 "byteorder",
 "rmp",
 "serde",
]

[[package]]
name = "rustc_version"
version = "0.4.0"
source = "registry+https://github.com/rust-lang/crates.io-index"
checksum = "bfa0f585226d2e68097d4f95d113b15b83a82e819ab25717ec0590d9584ef366"
dependencies = [
 "semver",
]

[[package]]
name = "ryu"
version = "1.0.10"
source = "registry+https://github.com/rust-lang/crates.io-index"
checksum = "f3f6f92acf49d1b98f7a81226834412ada05458b7364277387724a237f062695"

[[package]]
name = "scopeguard"
version = "1.1.0"
source = "registry+https://github.com/rust-lang/crates.io-index"
checksum = "d29ab0c6d3fc0ee92fe66e2d99f700eab17a8d57d1c1d3b748380fb20baa78cd"

[[package]]
name = "semver"
version = "1.0.9"
source = "registry+https://github.com/rust-lang/crates.io-index"
checksum = "8cb243bdfdb5936c8dc3c45762a19d12ab4550cdc753bc247637d4ec35a040fd"

[[package]]
name = "serde"
version = "1.0.137"
source = "registry+https://github.com/rust-lang/crates.io-index"
checksum = "61ea8d54c77f8315140a05f4c7237403bf38b72704d031543aa1d16abbf517d1"
dependencies = [
 "serde_derive",
]

[[package]]
name = "serde-transcode"
version = "1.1.1"
source = "registry+https://github.com/rust-lang/crates.io-index"
checksum = "590c0e25c2a5bb6e85bf5c1bce768ceb86b316e7a01bdf07d2cb4ec2271990e2"
dependencies = [
 "serde",
]

[[package]]
name = "serde_bytes"
version = "0.11.6"
source = "registry+https://github.com/rust-lang/crates.io-index"
checksum = "212e73464ebcde48d723aa02eb270ba62eff38a9b732df31f33f1b4e145f3a54"
dependencies = [
 "serde",
]

[[package]]
name = "serde_derive"
version = "1.0.137"
source = "registry+https://github.com/rust-lang/crates.io-index"
checksum = "1f26faba0c3959972377d3b2d306ee9f71faee9714294e41bb777f83f88578be"
dependencies = [
 "proc-macro2",
 "quote",
 "syn",
]

[[package]]
name = "serde_json"
version = "1.0.81"
source = "registry+https://github.com/rust-lang/crates.io-index"
checksum = "9b7ce2b32a1aed03c558dc61a5cd328f15aff2dbc17daad8fb8af04d2100e15c"
dependencies = [
 "indexmap",
 "itoa",
 "ryu",
 "serde",
]

[[package]]
name = "serde_maybe_undefined"
version = "0.1.0"
dependencies = [
 "hdk",
 "serde",
]

[[package]]
name = "smallvec"
version = "1.8.0"
source = "registry+https://github.com/rust-lang/crates.io-index"
checksum = "f2dd574626839106c320a323308629dcb1acfc96e32a8cba364ddc61ac23ee83"

[[package]]
name = "strsim"
version = "0.8.0"
source = "registry+https://github.com/rust-lang/crates.io-index"
checksum = "8ea5119cdb4c55b55d432abb513a0429384878c15dde60cc77b1c99de1a95a6a"

[[package]]
name = "strsim"
version = "0.10.0"
source = "registry+https://github.com/rust-lang/crates.io-index"
checksum = "73473c0e59e6d5812c5dfe2a064a6444949f089e20eec9a2e5506596494e4623"

[[package]]
name = "strum"
version = "0.18.0"
source = "registry+https://github.com/rust-lang/crates.io-index"
checksum = "57bd81eb48f4c437cadc685403cad539345bf703d78e63707418431cecd4522b"

[[package]]
name = "strum_macros"
version = "0.18.0"
source = "registry+https://github.com/rust-lang/crates.io-index"
checksum = "87c85aa3f8ea653bfd3ddf25f7ee357ee4d204731f6aa9ad04002306f6e2774c"
dependencies = [
 "heck",
 "proc-macro2",
 "quote",
 "syn",
]

[[package]]
name = "subtle"
version = "2.4.1"
source = "registry+https://github.com/rust-lang/crates.io-index"
checksum = "6bdef32e8150c2a081110b42772ffe7d7c9032b606bc226c8260fd97e0976601"

[[package]]
name = "syn"
version = "1.0.96"
source = "registry+https://github.com/rust-lang/crates.io-index"
checksum = "0748dd251e24453cb8717f0354206b91557e4ec8703673a4b30208f2abaf1ebf"
dependencies = [
 "proc-macro2",
 "quote",
 "unicode-ident",
]

[[package]]
name = "textwrap"
version = "0.11.0"
source = "registry+https://github.com/rust-lang/crates.io-index"
checksum = "d326610f408c7a4eb6f51c37c330e496b08506c9457c9d34287ecc38809fb060"
dependencies = [
 "unicode-width",
]

[[package]]
name = "thiserror"
version = "1.0.31"
source = "registry+https://github.com/rust-lang/crates.io-index"
checksum = "bd829fe32373d27f76265620b5309d0340cb8550f523c1dda251d6298069069a"
dependencies = [
 "thiserror-impl",
]

[[package]]
name = "thiserror-impl"
version = "1.0.31"
source = "registry+https://github.com/rust-lang/crates.io-index"
checksum = "0396bc89e626244658bef819e22d0cc459e795a5ebe878e6ec336d1674a8d79a"
dependencies = [
 "proc-macro2",
 "quote",
 "syn",
]

[[package]]
name = "time"
version = "0.1.44"
source = "registry+https://github.com/rust-lang/crates.io-index"
checksum = "6db9e6914ab8b1ae1c260a4ae7a49b6c5611b40328a735b21862567685e73255"
dependencies = [
 "libc",
 "wasi",
 "winapi",
]

[[package]]
name = "tracing"
version = "0.1.35"
source = "registry+https://github.com/rust-lang/crates.io-index"
checksum = "a400e31aa60b9d44a52a8ee0343b5b18566b03a8321e0d321f695cf56e940160"
dependencies = [
 "cfg-if",
 "pin-project-lite",
 "tracing-attributes",
 "tracing-core",
]

[[package]]
name = "tracing-attributes"
version = "0.1.21"
source = "registry+https://github.com/rust-lang/crates.io-index"
checksum = "cc6b8ad3567499f98a1db7a752b07a7c8c7c7c34c332ec00effb2b0027974b7c"
dependencies = [
 "proc-macro2",
 "quote",
 "syn",
]

[[package]]
name = "tracing-core"
version = "0.1.27"
source = "registry+https://github.com/rust-lang/crates.io-index"
checksum = "7709595b8878a4965ce5e87ebf880a7d39c9afc6837721b21a5a816a8117d921"
dependencies = [
 "once_cell",
 "valuable",
]

[[package]]
name = "trilean"
version = "1.1.0"
source = "registry+https://github.com/rust-lang/crates.io-index"
checksum = "683ba5022fe6dbd7133cad150478ccf51bdb6d861515181e5fc6b4323d4fa424"

[[package]]
name = "unicode-ident"
version = "1.0.0"
source = "registry+https://github.com/rust-lang/crates.io-index"
checksum = "d22af068fba1eb5edcb4aea19d382b2a3deb4c8f9d475c589b6ada9e0fd493ee"

[[package]]
name = "unicode-segmentation"
version = "1.9.0"
source = "registry+https://github.com/rust-lang/crates.io-index"
checksum = "7e8820f5d777f6224dc4be3632222971ac30164d4a258d595640799554ebfd99"

[[package]]
name = "unicode-width"
version = "0.1.9"
source = "registry+https://github.com/rust-lang/crates.io-index"
checksum = "3ed742d4ea2bd1176e236172c8429aaf54486e7ac098db29ffe6529e0ce50973"

[[package]]
name = "valuable"
version = "0.1.0"
source = "registry+https://github.com/rust-lang/crates.io-index"
checksum = "830b7e5d4d90034032940e4ace0d9a9a057e7a45cd94e6c007832e39edb82f6d"

[[package]]
name = "vec_map"
version = "0.8.2"
source = "registry+https://github.com/rust-lang/crates.io-index"
checksum = "f1bddf1187be692e79c5ffeab891132dfb0f236ed36a43c7ed39f1165ee20191"

[[package]]
name = "vf_actions"
version = "0.1.0"
dependencies = [
 "hdk",
 "serde",
 "vf_attributes_hdk",
]

[[package]]
name = "vf_attributes_hdk"
version = "0.1.0"
dependencies = [
 "chrono",
 "hdk_semantic_indexes_zome_rpc",
 "hdk_uuid_types",
 "holo_hash",
 "holochain_serialized_bytes",
 "holochain_zome_types",
 "serde",
]

[[package]]
name = "vf_measurement"
version = "0.1.0"
dependencies = [
 "holochain_serialized_bytes",
 "serde",
 "vf_attributes_hdk",
]

[[package]]
name = "wasi"
version = "0.10.0+wasi-snapshot-preview1"
source = "registry+https://github.com/rust-lang/crates.io-index"
checksum = "1a143597ca7c7793eff794def352d41792a93c481eb1042423ff7ff72ba2c31f"

[[package]]
name = "winapi"
version = "0.3.9"
source = "registry+https://github.com/rust-lang/crates.io-index"
checksum = "5c839a674fcd7a98952e593242ea400abe93992746761e38641405d28b00f419"
dependencies = [
 "winapi-i686-pc-windows-gnu",
 "winapi-x86_64-pc-windows-gnu",
]

[[package]]
name = "winapi-i686-pc-windows-gnu"
version = "0.4.0"
source = "registry+https://github.com/rust-lang/crates.io-index"
checksum = "ac3b87c63620426dd9b991e5ce0329eff545bccbbb34f3be09ff6fb6ab51b7b6"

[[package]]
name = "winapi-x86_64-pc-windows-gnu"
version = "0.4.0"
source = "registry+https://github.com/rust-lang/crates.io-index"
checksum = "712e227841d057c1ee1cd2fb22fa7e5a5461ae8e48fa2ca79ec42cfc1931183f"
