{
  "nodes": {
    "crane": {
      "locked": {
        "lastModified": 1778106249,
        "narHash": "sha256-cM/AuKy5tMhwOOQIbha8ZRRMHVfNf7cv2aljIw+qoCg=",
        "owner": "ipetkov",
        "repo": "crane",
        "rev": "6d015ea29630b7ad2402841386da2cb617a470a7",
        "type": "github"
      },
      "original": {
        "owner": "ipetkov",
        "repo": "crane",
        "type": "github"
      }
    },
    "flake-parts": {
      "inputs": {
        "nixpkgs-lib": "nixpkgs-lib"
      },
      "locked": {
        "lastModified": 1778716662,
        "narHash": "sha256-m1Yf0wZ8j1OHjTc2UwHwyQRSnNeSgLJOd7q5Y45hzi4=",
        "owner": "hercules-ci",
        "repo": "flake-parts",
        "rev": "f7c1a2d347e4c52d5fb8d10cb4d94b5884e546fb",
        "type": "github"
      },
      "original": {
        "owner": "hercules-ci",
        "repo": "flake-parts",
        "type": "github"
      }
    },
    "hc-scaffold": {
      "flake": false,
      "locked": {
        "lastModified": 1785331339,
        "narHash": "sha256-rTllxFyHnYEK+wkOvwc60iQB6E1D9xYlUsPGeUayBhI=",
        "owner": "holochain",
        "repo": "scaffolding",
        "rev": "83c8b9751afdc5a43d3c4fb43f8a795fdf0db5a0",
        "type": "github"
      },
      "original": {
        "owner": "holochain",
        "ref": "v0.700.0-rc.0",
        "repo": "scaffolding",
        "type": "github"
      }
    },
    "holochain": {
      "flake": false,
      "locked": {
        "lastModified": 1785425000,
        "narHash": "sha256-LJWSWZHNNxLGRjlQoBgqzIfFLMt0HBF+csLKuYoktC4=",
        "owner": "holochain",
        "repo": "holochain",
        "rev": "84cdce7d4df17b95189324d5cecc3f1bfd5db30f",
        "type": "github"
      },
      "original": {
        "owner": "holochain",
        "ref": "holochain-0.7.0",
        "repo": "holochain",
        "type": "github"
      }
    },
    "holonix": {
      "inputs": {
        "crane": "crane",
        "flake-parts": "flake-parts",
        "hc-scaffold": "hc-scaffold",
        "holochain": "holochain",
        "kitsune2": "kitsune2",
        "lair-keystore": "lair-keystore",
        "nixpkgs": "nixpkgs",
        "rust-overlay": "rust-overlay"
      },
      "locked": {
        "lastModified": 1785430241,
        "narHash": "sha256-WSzIFA1vBrUAbK7CHooBddBwaJcpGCudVEUBjiIik+4=",
        "owner": "holochain",
        "repo": "holonix",
        "rev": "ffcc7c63b4b87dde16a69247775639b49c5778b1",
        "type": "github"
      },
      "original": {
        "owner": "holochain",
        "ref": "main-0.7",
        "repo": "holonix",
        "type": "github"
      }
    },
    "kitsune2": {
      "flake": false,
      "locked": {
        "lastModified": 1785236654,
        "narHash": "sha256-pPN4JLDVEZ1iHF6FNfqg/pGifSrIuVKusxhNul1inC4=",
        "owner": "holochain",
        "repo": "kitsune2",
        "rev": "585151a32f4937c210873ced5aac94503b908d9d",
        "type": "github"
      },
      "original": {
        "owner": "holochain",
        "ref": "v0.5.0",
        "repo": "kitsune2",
        "type": "github"
      }
    },
    "lair-keystore": {
      "flake": false,
      "locked": {
        "lastModified": 1777547201,
        "narHash": "sha256-RNSFIYt3CfmPslvwySvPbPxdoeT6BWoLp0FMF3KabHM=",
        "owner": "holochain",
        "repo": "lair",
        "rev": "6807971847e4ce0a609aac6d28c405b1c037206d",
        "type": "github"
      },
      "original": {
        "owner": "holochain",
        "ref": "v0.7.1",
        "repo": "lair",
        "type": "github"
      }
    },
    "nixpkgs": {
      "locked": {
        "lastModified": 1788921488,
        "narHash": "sha256-8+xWRxEkD6l217cIUdRxfeUGS9lQX0hVtUuNVsBaDzk=",
        "owner": "nixos",
        "repo": "nixpkgs",
        "rev": "6aefcda9401be8acc2b74244fb3b37520ea1f0a8",
        "type": "github"
      },
      "original": {
        "owner": "nixos",
        "ref": "nixos-26.05",
        "repo": "nixpkgs",
        "type": "github"
      }
    },
    "nixpkgs-lib": {
      "locked": {
        "lastModified": 1777168982,
        "narHash": "sha256-GOkGPcboWE9BmGCRMLX3worL4EMnsnG8MyKmXNeYuhQ=",
        "owner": "nix-community",
        "repo": "nixpkgs.lib",
        "rev": "f5901329dade4a6ea039af1433fb087bd9c1fe14",
        "type": "github"
      },
      "original": {
        "owner": "nix-community",
        "repo": "nixpkgs.lib",
        "type": "github"
      }
    },
    "root": {
      "inputs": {
        "flake-parts": [
          "holonix",
          "flake-parts"
        ],
        "holonix": "holonix",
        "nixpkgs": [
          "holonix",
          "nixpkgs"
        ]
      }
    },
    "rust-overlay": {
      "inputs": {
        "nixpkgs": [
          "holonix",
          "nixpkgs"
        ]
      },
      "locked": {
        "lastModified": 1778728594,
        "narHash": "sha256-+gIOsOzqWNfn+ThCXBQGcLHVEnaGQW59XjghE9JUIYk=",
        "owner": "oxalica",
        "repo": "rust-overlay",
        "rev": "83a17ebffcfacb17b49e1b5e9dc15eed07936648",
        "type": "github"
      },
      "original": {
        "owner": "oxalica",
        "repo": "rust-overlay",
        "type": "github"
      }
    }
  },
  "root": "root",
  "version": 7
}
