{
  "nodes": {
    "crane": {
      "locked": {
        "lastModified": 1778106249,
        "narHash": "sha256-cM/AuKy5tMhwOOQIbha8ZRRMHVfNf7cv2aljIw+qoCg=",
        "owner": "ipetkov",
        "repo": "crane",
        "rev": "6d015ea29630b7ad2402841386da2cb617a470a7",
        "type": "github"
      },
      "original": {
        "owner": "ipetkov",
        "repo": "crane",
        "type": "github"
      }
    },
    "flake-parts": {
      "inputs": {
        "nixpkgs-lib": "nixpkgs-lib"
      },
      "locked": {
        "lastModified": 1778716662,
        "narHash": "sha256-m1Yf0wZ8j1OHjTc2UwHwyQRSnNeSgLJOd7q5Y45hzi4=",
        "owner": "hercules-ci",
        "repo": "flake-parts",
        "rev": "f7c1a2d347e4c52d5fb8d10cb4d94b5884e546fb",
        "type": "github"
      },
      "original": {
        "owner": "hercules-ci",
        "repo": "flake-parts",
        "type": "github"
      }
    },
    "hc-scaffold": {
      "flake": false,
      "locked": {
        "lastModified": 1778884165,
        "narHash": "sha256-3ANE+PjAGqF5SE59L8ZWLBwD0WxEBik/nWct9c9rSvE=",
        "owner": "holochain",
        "repo": "scaffolding",
        "rev": "c51df16be0498bd499fd0c82445d6cadadd7ccb4",
        "type": "github"
      },
      "original": {
        "owner": "holochain",
        "ref": "v0.601.1",
        "repo": "scaffolding",
        "type": "github"
      }
    },
    "holochain": {
      "flake": false,
      "locked": {
        "lastModified": 1778596880,
        "narHash": "sha256-uUJZkeqBAZgXtDf0juCRpKOUO3yY1gWEKWGqatWcVjY=",
        "owner": "holochain",
        "repo": "holochain",
        "rev": "3bdeaccd1c54fa351e76f7347601dfbc061d5bd4",
        "type": "github"
      },
      "original": {
        "owner": "holochain",
        "ref": "holochain-0.6.1",
        "repo": "holochain",
        "type": "github"
      }
    },
    "holonix": {
      "inputs": {
        "crane": "crane",
        "flake-parts": "flake-parts",
        "hc-scaffold": "hc-scaffold",
        "holochain": "holochain",
        "kitsune2": "kitsune2",
        "lair-keystore": "lair-keystore",
        "nixpkgs": "nixpkgs",
        "rust-overlay": "rust-overlay"
      },
      "locked": {
        "lastModified": 1778884233,
        "narHash": "sha256-qDQMAQwQm6ZBL+hYejJU0p0GO7aP/UwVwto61jC5QYc=",
        "owner": "holochain",
        "repo": "holonix",
        "rev": "5e41693a5f4451e93be1c347a5dd9dafd5e216e5",
        "type": "github"
      },
      "original": {
        "owner": "holochain",
        "ref": "main-0.6",
        "repo": "holonix",
        "type": "github"
      }
    },
    "kitsune2": {
      "flake": false,
      "locked": {
        "lastModified": 1778073766,
        "narHash": "sha256-/hG+/9VlZiC1u/UASbIOH0oeiUmKlzqvur++CWSVAbQ=",
        "owner": "holochain",
        "repo": "kitsune2",
        "rev": "b33fa55606f8bd5020cffacf1ffae41f92d4d296",
        "type": "github"
      },
      "original": {
        "owner": "holochain",
        "ref": "v0.4.1",
        "repo": "kitsune2",
        "type": "github"
      }
    },
    "lair-keystore": {
      "flake": false,
      "locked": {
        "lastModified": 1759147598,
        "narHash": "sha256-K8TkVlKAwS7uuSZC46oSHddtZTM2XGWUTNnjjYdC1bE=",
        "owner": "holochain",
        "repo": "lair",
        "rev": "8aa9ab1468e82a8bfb9bf1e65762efc51659d306",
        "type": "github"
      },
      "original": {
        "owner": "holochain",
        "ref": "v0.6.3",
        "repo": "lair",
        "type": "github"
      }
    },
    "nixpkgs": {
      "locked": {
        "lastModified": 1778430510,
        "narHash": "sha256-Ti+ZBvW6yrWWAg2szExVTwCd4qOJ3KlVr1tFHfyfi8Q=",
        "owner": "nixos",
        "repo": "nixpkgs",
        "rev": "8fd9daa3db09ced9700431c5b7ad0e8ba199b575",
        "type": "github"
      },
      "original": {
        "owner": "nixos",
        "ref": "nixos-25.11",
        "repo": "nixpkgs",
        "type": "github"
      }
    },
    "nixpkgs-lib": {
      "locked": {
        "lastModified": 1777168982,
        "narHash": "sha256-GOkGPcboWE9BmGCRMLX3worL4EMnsnG8MyKmXNeYuhQ=",
        "owner": "nix-community",
        "repo": "nixpkgs.lib",
        "rev": "f5901329dade4a6ea039af1433fb087bd9c1fe14",
        "type": "github"
      },
      "original": {
        "owner": "nix-community",
        "repo": "nixpkgs.lib",
        "type": "github"
      }
    },
    "root": {
      "inputs": {
        "flake-parts": [
          "holonix",
          "flake-parts"
        ],
        "holonix": "holonix",
        "nixpkgs": [
          "holonix",
          "nixpkgs"
        ]
      }
    },
    "rust-overlay": {
      "inputs": {
        "nixpkgs": [
          "holonix",
          "nixpkgs"
        ]
      },
      "locked": {
        "lastModified": 1778728594,
        "narHash": "sha256-+gIOsOzqWNfn+ThCXBQGcLHVEnaGQW59XjghE9JUIYk=",
        "owner": "oxalica",
        "repo": "rust-overlay",
        "rev": "83a17ebffcfacb17b49e1b5e9dc15eed07936648",
        "type": "github"
      },
      "original": {
        "owner": "oxalica",
        "repo": "rust-overlay",
        "type": "github"
      }
    }
  },
  "root": "root",
  "version": 7
}
